# THIS IS AN AUTOGENERATED FILE. DO NOT EDIT THIS FILE DIRECTLY.
# yarn lockfile v1


"@babel/helper-plugin-utils@^7.0.0":
  version "7.0.0"
  resolved "https://registry.yarnpkg.com/@babel/helper-plugin-utils/-/helper-plugin-utils-7.0.0.tgz#bbb3fbee98661c569034237cc03967ba99b4f250"
  integrity sha512-CYAOUCARwExnEixLdB6sDm2dIJ/YgEAKDM1MOeMeZu9Ld/bDgVo8aiWrXwcY7OBh+1Ea2uUcVRcxKk0GJvW7QA==

"@babel/plugin-proposal-export-default-from@^7.5.2":
  version "7.5.2"
  resolved "https://registry.yarnpkg.com/@babel/plugin-proposal-export-default-from/-/plugin-proposal-export-default-from-7.5.2.tgz#2c0ac2dcc36e3b2443fead2c3c5fc796fb1b5145"
  integrity sha512-wr9Itk05L1/wyyZKVEmXWCdcsp/e185WUNl6AfYZeEKYaUPPvHXRDqO5K1VH7/UamYqGJowFRuCv30aDYZawsg==
  dependencies:
    "@babel/helper-plugin-utils" "^7.0.0"
    "@babel/plugin-syntax-export-default-from" "^7.2.0"

"@babel/plugin-syntax-export-default-from@^7.2.0":
  version "7.2.0"
  resolved "https://registry.yarnpkg.com/@babel/plugin-syntax-export-default-from/-/plugin-syntax-export-default-from-7.2.0.tgz#edd83b7adc2e0d059e2467ca96c650ab6d2f3820"
  integrity sha512-c7nqUnNST97BWPtoe+Ssi+fJukc9P9/JMZ71IOMNQWza2E+Psrd46N6AEvtw6pqK+gt7ChjXyrw4SPDO79f3Lw==
  dependencies:
    "@babel/helper-plugin-utils" "^7.0.0"
